
Microsoft Visual Studio Solution File, Format Version 12.00
# Visual Studio 15
VisualStudioVersion = 15.0.26228.9
MinimumVisualStudioVersion = 10.0.40219.1
Project("{FAE04EC0-301F-11D3-BF4B-00C04F79EFBC}") = "test", "test\test.csproj", "{08723E77-D14C-4142-9131-C9D2FBAB12DD}"
EndProject
Project("{E53339B2-1760-4266-BCC7-CA923CBCF16C}") = "docker-compose", "docker-compose.dcproj", "{E5BF3A73-762B-47C9-BBCD-9499FA8D0737}"
EndProject
Global
	GlobalSection(SolutionConfigurationPlatforms) = preSolution
		Debug|Any CPU = Debug|Any CPU
		Release|Any CPU = Release|Any CPU
	EndGlobalSection
	GlobalSection(ProjectConfigurationPlatforms) = postSolution
		{08723E77-D14C-4142-9131-C9D2FBAB12DD}.Debug|Any CPU.ActiveCfg = Debug|Any CPU
		{08723E77-D14C-4142-9131-C9D2FBAB12DD}.Debug|Any CPU.Build.0 = Debug|Any CPU
		{08723E77-D14C-4142-9131-C9D2FBAB12DD}.Release|Any CPU.ActiveCfg = Release|Any CPU
		{08723E77-D14C-4142-9131-C9D2FBAB12DD}.Release|Any CPU.Build.0 = Release|Any CPU
		{E5BF3A73-762B-47C9-BBCD-9499FA8D0737}.Debug|Any CPU.ActiveCfg = Debug|Any CPU
		{E5BF3A73-762B-47C9-BBCD-9499FA8D0737}.Debug|Any CPU.Build.0 = Debug|Any CPU
		{E5BF3A73-762B-47C9-BBCD-9499FA8D0737}.Release|Any CPU.ActiveCfg = Release|Any CPU
		{E5BF3A73-762B-47C9-BBCD-9499FA8D0737}.Release|Any CPU.Build.0 = Release|Any CPU
	EndGlobalSection
	GlobalSection(SolutionProperties) = preSolution
		HideSolutionNode = FALSE
	EndGlobalSection
EndGlobal
